// !$*UTF8*$!
{
	archiveVersion = 1;
	classes = {
	};
	objectVersion = 56;
	objects = {

/* Begin PBXBuildFile section */
		6E8B16CE2A5BF10C0079A0DB /* AppDelegate.swift in Sources */ = {isa = PBXBuildFile; fileRef = 6E8B16CD2A5BF10C0079A0DB /* AppDelegate.swift */; };
		6E8B16D02A5BF10C0079A0DB /* SceneDelegate.swift in Sources */ = {isa = PBXBuildFile; fileRef = 6E8B16CF2A5BF10C0079A0DB /* SceneDelegate.swift */; };
		6E8B16D22A5BF10C0079A0DB /* ViewController1.swift in Sources */ = {isa = PBXBuildFile; fileRef = 6E8B16D12A5BF10C0079A0DB /* ViewController1.swift */; };
		6E8B16D72A5BF10D0079A0DB /* Assets.xcassets in Resources */ = {isa = PBXBuildFile; fileRef = 6E8B16D62A5BF10D0079A0DB /* Assets.xcassets */; };
		6E8B16DA2A5BF10D0079A0DB /* LaunchScreen.storyboard in Resources */ = {isa = PBXBuildFile; fileRef = 6E8B16D82A5BF10D0079A0DB /* LaunchScreen.storyboard */; };
		6E8B16E22A5BF6A60079A0DB /* ViewController2.swift in Sources */ = {isa = PBXBuildFile; fileRef = 6E8B16E12A5BF6A60079A0DB /* ViewController2.swift */; };
		6E8B16E42A5C25ED0079A0DB /* ViewControllerFriends.swift in Sources */ = {isa = PBXBuildFile; fileRef = 6E8B16E32A5C25ED0079A0DB /* ViewControllerFriends.swift */; };
		6E8B16E62A5C26040079A0DB /* ViewControllerGroups.swift in Sources */ = {isa = PBXBuildFile; fileRef = 6E8B16E52A5C26040079A0DB /* ViewControllerGroups.swift */; };
		6E8B16E82A5C26130079A0DB /* ViewControllerPhotos.swift in Sources */ = {isa = PBXBuildFile; fileRef = 6E8B16E72A5C26130079A0DB /* ViewControllerPhotos.swift */; };
		6E8B16EA2A5D353F0079A0DB /* CellFriends.swift in Sources */ = {isa = PBXBuildFile; fileRef = 6E8B16E92A5D353F0079A0DB /* CellFriends.swift */; };
		6E8B16EC2A5D52620079A0DB /* CellPhotos.swift in Sources */ = {isa = PBXBuildFile; fileRef = 6E8B16EB2A5D52620079A0DB /* CellPhotos.swift */; };
/* End PBXBuildFile section */

/* Begin PBXFileReference section */
		6E8B16CA2A5BF10C0079A0DB /* Swift-UI.app */ = {isa = PBXFileReference; explicitFileType = wrapper.application; includeInIndex = 0; path = "Swift-UI.app"; sourceTree = BUILT_PRODUCTS_DIR; };
		6E8B16CD2A5BF10C0079A0DB /* AppDelegate.swift */ = {isa = PBXFileReference; lastKnownFileType = sourcecode.swift; path = AppDelegate.swift; sourceTree = "<group>"; };
		6E8B16CF2A5BF10C0079A0DB /* SceneDelegate.swift */ = {isa = PBXFileReference; lastKnownFileType = sourcecode.swift; path = SceneDelegate.swift; sourceTree = "<group>"; };
		6E8B16D12A5BF10C0079A0DB /* ViewController1.swift */ = {isa = PBXFileReference; lastKnownFileType = sourcecode.swift; path = ViewController1.swift; sourceTree = "<group>"; };
		6E8B16D62A5BF10D0079A0DB /* Assets.xcassets */ = {isa = PBXFileReference; lastKnownFileType = folder.assetcatalog; path = Assets.xcassets; sourceTree = "<group>"; };
		6E8B16D92A5BF10D0079A0DB /* Base */ = {isa = PBXFileReference; lastKnownFileType = file.storyboard; name = Base; path = Base.lproj/LaunchScreen.storyboard; sourceTree = "<group>"; };
		6E8B16DB2A5BF10D0079A0DB /* Info.plist */ = {isa = PBXFileReference; lastKnownFileType = text.plist.xml; path = Info.plist; sourceTree = "<group>"; };
		6E8B16E12A5BF6A60079A0DB /* ViewController2.swift */ = {isa = PBXFileReference; lastKnownFileType = sourcecode.swift; path = ViewController2.swift; sourceTree = "<group>"; };
		6E8B16E32A5C25ED0079A0DB /* ViewControllerFriends.swift */ = {isa = PBXFileReference; lastKnownFileType = sourcecode.swift; path = ViewControllerFriends.swift; sourceTree = "<group>"; };
		6E8B16E52A5C26040079A0DB /* ViewControllerGroups.swift */ = {isa = PBXFileReference; lastKnownFileType = sourcecode.swift; path = ViewControllerGroups.swift; sourceTree = "<group>"; };
		6E8B16E72A5C26130079A0DB /* ViewControllerPhotos.swift */ = {isa = PBXFileReference; lastKnownFileType = sourcecode.swift; path = ViewControllerPhotos.swift; sourceTree = "<group>"; };
		6E8B16E92A5D353F0079A0DB /* CellFriends.swift */ = {isa = PBXFileReference; lastKnownFileType = sourcecode.swift; path = CellFriends.swift; sourceTree = "<group>"; };
		6E8B16EB2A5D52620079A0DB /* CellPhotos.swift */ = {isa = PBXFileReference; lastKnownFileType = sourcecode.swift; path = CellPhotos.swift; sourceTree = "<group>"; };
/* End PBXFileReference section */

/* Begin PBXFrameworksBuildPhase section */
		6E8B16C72A5BF10C0079A0DB /* Frameworks */ = {
			isa = PBXFrameworksBuildPhase;
			buildActionMask = 2147483647;
			files = (
			);
			runOnlyForDeploymentPostprocessing = 0;
		};
/* End PBXFrameworksBuildPhase section */

/* Begin PBXGroup section */
		6E8B16C12A5BF10C0079A0DB = {
			isa = PBXGroup;
			children = (
				6E8B16CC2A5BF10C0079A0DB /* Swift-UI */,
				6E8B16CB2A5BF10C0079A0DB /* Products */,
			);
			sourceTree = "<group>";
		};
		6E8B16CB2A5BF10C0079A0DB /* Products */ = {
			isa = PBXGroup;
			children = (
				6E8B16CA2A5BF10C0079A0DB /* Swift-UI.app */,
			);
			name = Products;
			sourceTree = "<group>";
		};
		6E8B16CC2A5BF10C0079A0DB /* Swift-UI */ = {
			isa = PBXGroup;
			children = (
				6E8B16CD2A5BF10C0079A0DB /* AppDelegate.swift */,
				6E8B16CF2A5BF10C0079A0DB /* SceneDelegate.swift */,
				6E8B16D12A5BF10C0079A0DB /* ViewController1.swift */,
				6E8B16E12A5BF6A60079A0DB /* ViewController2.swift */,
				6E8B16D62A5BF10D0079A0DB /* Assets.xcassets */,
				6E8B16D82A5BF10D0079A0DB /* LaunchScreen.storyboard */,
				6E8B16DB2A5BF10D0079A0DB /* Info.plist */,
				6E8B16E32A5C25ED0079A0DB /* ViewControllerFriends.swift */,
				6E8B16E52A5C26040079A0DB /* ViewControllerGroups.swift */,
				6E8B16E72A5C26130079A0DB /* ViewControllerPhotos.swift */,
				6E8B16E92A5D353F0079A0DB /* CellFriends.swift */,
				6E8B16EB2A5D52620079A0DB /* CellPhotos.swift */,
			);
			path = "Swift-UI";
			sourceTree = "<group>";
		};
/* End PBXGroup section */

/* Begin PBXNativeTarget section */
		6E8B16C92A5BF10C0079A0DB /* Swift-UI */ = {
			isa = PBXNativeTarget;
			buildConfigurationList = 6E8B16DE2A5BF10D0079A0DB /* Build configuration list for PBXNativeTarget "Swift-UI" */;
			buildPhases = (
				6E8B16C62A5BF10C0079A0DB /* Sources */,
				6E8B16C72A5BF10C0079A0DB /* Frameworks */,
				6E8B16C82A5BF10C0079A0DB /* Resources */,
			);
			buildRules = (
			);
			dependencies = (
			);
			name = "Swift-UI";
			productName = "Swift-UI";
			productReference = 6E8B16CA2A5BF10C0079A0DB /* Swift-UI.app */;
			productType = "com.apple.product-type.application";
		};
/* End PBXNativeTarget section */

/* Begin PBXProject section */
		6E8B16C22A5BF10C0079A0DB /* Project object */ = {
			isa = PBXProject;
			attributes = {
				BuildIndependentTargetsInParallel = 1;
				LastSwiftUpdateCheck = 1430;
				LastUpgradeCheck = 1430;
				TargetAttributes = {
					6E8B16C92A5BF10C0079A0DB = {
						CreatedOnToolsVersion = 14.3.1;
					};
				};
			};
			buildConfigurationList = 6E8B16C52A5BF10C0079A0DB /* Build configuration list for PBXProject "Swift-UI" */;
			compatibilityVersion = "Xcode 14.0";
			developmentRegion = en;
			hasScannedForEncodings = 0;
			knownRegions = (
				en,
				Base,
			);
			mainGroup = 6E8B16C12A5BF10C0079A0DB;
			productRefGroup = 6E8B16CB2A5BF10C0079A0DB /* Products */;
			projectDirPath = "";
			projectRoot = "";
			targets = (
				6E8B16C92A5BF10C0079A0DB /* Swift-UI */,
			);
		};
/* End PBXProject section */

/* Begin PBXResourcesBuildPhase section */
		6E8B16C82A5BF10C0079A0DB /* Resources */ = {
			isa = PBXResourcesBuildPhase;
			buildActionMask = 2147483647;
			files = (
				6E8B16DA2A5BF10D0079A0DB /* LaunchScreen.storyboard in Resources */,
				6E8B16D72A5BF10D0079A0DB /* Assets.xcassets in Resources */,
			);
			runOnlyForDeploymentPostprocessing = 0;
		};
/* End PBXResourcesBuildPhase section */

/* Begin PBXSourcesBuildPhase section */
		6E8B16C62A5BF10C0079A0DB /* Sources */ = {
			isa = PBXSourcesBuildPhase;
			buildActionMask = 2147483647;
			files = (
				6E8B16D22A5BF10C0079A0DB /* ViewController1.swift in Sources */,
				6E8B16EC2A5D52620079A0DB /* CellPhotos.swift in Sources */,
				6E8B16CE2A5BF10C0079A0DB /* AppDelegate.swift in Sources */,
				6E8B16D02A5BF10C0079A0DB /* SceneDelegate.swift in Sources */,
				6E8B16E22A5BF6A60079A0DB /* ViewController2.swift in Sources */,
				6E8B16E62A5C26040079A0DB /* ViewControllerGroups.swift in Sources */,
				6E8B16E82A5C26130079A0DB /* ViewControllerPhotos.swift in Sources */,
				6E8B16E42A5C25ED0079A0DB /* ViewControllerFriends.swift in Sources */,
				6E8B16EA2A5D353F0079A0DB /* CellFriends.swift in Sources */,
			);
			runOnlyForDeploymentPostprocessing = 0;
		};
/* End PBXSourcesBuildPhase section */

/* Begin PBXVariantGroup section */
		6E8B16D82A5BF10D0079A0DB /* LaunchScreen.storyboard */ = {
			isa = PBXVariantGroup;
			children = (
				6E8B16D92A5BF10D0079A0DB /* Base */,
			);
			name = LaunchScreen.storyboard;
			sourceTree = "<group>";
		};
/* End PBXVariantGroup section */

/* Begin XCBuildConfiguration section */
		6E8B16DC2A5BF10D0079A0DB /* Debug */ = {
			isa = XCBuildConfiguration;
			buildSettings = {
				ALWAYS_SEARCH_USER_PATHS = NO;
				CLANG_ANALYZER_NONNULL = YES;
				CLANG_ANALYZER_NUMBER_OBJECT_CONVERSION = YES_AGGRESSIVE;
				CLANG_CXX_LANGUAGE_STANDARD = "gnu++20";
				CLANG_ENABLE_MODULES = YES;
				CLANG_ENABLE_OBJC_ARC = YES;
				CLANG_ENABLE_OBJC_WEAK = YES;
				CLANG_WARN_BLOCK_CAPTURE_AUTORELEASING = YES;
				CLANG_WARN_BOOL_CONVERSION = YES;
				CLANG_WARN_COMMA = YES;
				CLANG_WARN_CONSTANT_CONVERSION = YES;
				CLANG_WARN_DEPRECATED_OBJC_IMPLEMENTATIONS = YES;
				CLANG_WARN_DIRECT_OBJC_ISA_USAGE = YES_ERROR;
				CLANG_WARN_DOCUMENTATION_COMMENTS = YES;
				CLANG_WARN_EMPTY_BODY = YES;
				CLANG_WARN_ENUM_CONVERSION = YES;
				CLANG_WARN_INFINITE_RECURSION = YES;
				CLANG_WARN_INT_CONVERSION = YES;
				CLANG_WARN_NON_LITERAL_NULL_CONVERSION = YES;
				CLANG_WARN_OBJC_IMPLICIT_RETAIN_SELF = YES;
				CLANG_WARN_OBJC_LITERAL_CONVERSION = YES;
				CLANG_WARN_OBJC_ROOT_CLASS = YES_ERROR;
				CLANG_WARN_QUOTED_INCLUDE_IN_FRAMEWORK_HEADER = YES;
				CLANG_WARN_RANGE_LOOP_ANALYSIS = YES;
				CLANG_WARN_STRICT_PROTOTYPES = YES;
				CLANG_WARN_SUSPICIOUS_MOVE = YES;
				CLANG_WARN_UNGUARDED_AVAILABILITY = YES_AGGRESSIVE;
				CLANG_WARN_UNREACHABLE_CODE = YES;
				CLANG_WARN__DUPLICATE_METHOD_MATCH = YES;
				COPY_PHASE_STRIP = NO;
				DEBUG_INFORMATION_FORMAT = dwarf;
				ENABLE_STRICT_OBJC_MSGSEND = YES;
				ENABLE_TESTABILITY = YES;
				GCC_C_LANGUAGE_STANDARD = gnu11;
				GCC_DYNAMIC_NO_PIC = NO;
				GCC_NO_COMMON_BLOCKS = YES;
				GCC_OPTIMIZATION_LEVEL = 0;
				GCC_PREPROCESSOR_DEFINITIONS = (
					"DEBUG=1",
					"$(inherited)",
				);
				GCC_WARN_64_TO_32_BIT_CONVERSION = YES;
				GCC_WARN_ABOUT_RETURN_TYPE = YES_ERROR;
				GCC_WARN_UNDECLARED_SELECTOR = YES;
				GCC_WARN_UNINITIALIZED_AUTOS = YES_AGGRESSIVE;
				GCC_WARN_UNUSED_FUNCTION = YES;
				GCC_WARN_UNUSED_VARIABLE = YES;
				IPHONEOS_DEPLOYMENT_TARGET = 16.4;
				MTL_ENABLE_DEBUG_INFO = INCLUDE_SOURCE;
				MTL_FAST_MATH = YES;
				ONLY_ACTIVE_ARCH = YES;
				SDKROOT = iphoneos;
				SWIFT_ACTIVE_COMPILATION_CONDITIONS = DEBUG;
				SWIFT_OPTIMIZATION_LEVEL = "-Onone";
			};
			name = Debug;
		};
		6E8B16DD2A5BF10D0079A0DB /* Release */ = {
			isa = XCBuildConfiguration;
			buildSettings = {
				ALWAYS_SEARCH_USER_PATHS = NO;
				CLANG_ANALYZER_NONNULL = YES;
				CLANG_ANALYZER_NUMBER_OBJECT_CONVERSION = YES_AGGRESSIVE;
				CLANG_CXX_LANGUAGE_STANDARD = "gnu++20";
				CLANG_ENABLE_MODULES = YES;
				CLANG_ENABLE_OBJC_ARC = YES;
				CLANG_ENABLE_OBJC_WEAK = YES;
				CLANG_WARN_BLOCK_CAPTURE_AUTORELEASING = YES;
				CLANG_WARN_BOOL_CONVERSION = YES;
				CLANG_WARN_COMMA = YES;
				CLANG_WARN_CONSTANT_CONVERSION = YES;
				CLANG_WARN_DEPRECATED_OBJC_IMPLEMENTATIONS = YES;
				CLANG_WARN_DIRECT_OBJC_ISA_USAGE = YES_ERROR;
				CLANG_WARN_DOCUMENTATION_COMMENTS = YES;
				CLANG_WARN_EMPTY_BODY = YES;
				CLANG_WARN_ENUM_CONVERSION = YES;
				CLANG_WARN_INFINITE_RECURSION = YES;
				CLANG_WARN_INT_CONVERSION = YES;
				CLANG_WARN_NON_LITERAL_NULL_CONVERSION = YES;
				CLANG_WARN_OBJC_IMPLICIT_RETAIN_SELF = YES;
				CLANG_WARN_OBJC_LITERAL_CONVERSION = YES;
				CLANG_WARN_OBJC_ROOT_CLASS = YES_ERROR;
				CLANG_WARN_QUOTED_INCLUDE_IN_FRAMEWORK_HEADER = YES;
				CLANG_WARN_RANGE_LOOP_ANALYSIS = YES;
				CLANG_WARN_STRICT_PROTOTYPES = YES;
				CLANG_WARN_SUSPICIOUS_MOVE = YES;
				CLANG_WARN_UNGUARDED_AVAILABILITY = YES_AGGRESSIVE;
				CLANG_WARN_UNREACHABLE_CODE = YES;
				CLANG_WARN__DUPLICATE_METHOD_MATCH = YES;
				COPY_PHASE_STRIP = NO;
				DEBUG_INFORMATION_FORMAT = "dwarf-with-dsym";
				ENABLE_NS_ASSERTIONS = NO;
				ENABLE_STRICT_OBJC_MSGSEND = YES;
				GCC_C_LANGUAGE_STANDARD = gnu11;
				GCC_NO_COMMON_BLOCKS = YES;
				GCC_WARN_64_TO_32_BIT_CONVERSION = YES;
				GCC_WARN_ABOUT_RETURN_TYPE = YES_ERROR;
				GCC_WARN_UNDECLARED_SELECTOR = YES;
				GCC_WARN_UNINITIALIZED_AUTOS = YES_AGGRESSIVE;
				GCC_WARN_UNUSED_FUNCTION = YES;
				GCC_WARN_UNUSED_VARIABLE = YES;
				IPHONEOS_DEPLOYMENT_TARGET = 16.4;
				MTL_ENABLE_DEBUG_INFO = NO;
				MTL_FAST_MATH = YES;
				SDKROOT = iphoneos;
				SWIFT_COMPILATION_MODE = wholemodule;
				SWIFT_OPTIMIZATION_LEVEL = "-O";
				VALIDATE_PRODUCT = YES;
			};
			name = Release;
		};
		6E8B16DF2A5BF10D0079A0DB /* Debug */ = {
			isa = XCBuildConfiguration;
			buildSettings = {
				ASSETCATALOG_COMPILER_APPICON_NAME = AppIcon;
				ASSETCATALOG_COMPILER_GLOBAL_ACCENT_COLOR_NAME = AccentColor;
				CODE_SIGN_STYLE = Automatic;
				CURRENT_PROJECT_VERSION = 1;
				GENERATE_INFOPLIST_FILE = YES;
				INFOPLIST_FILE = "Swift-UI/Info.plist";
				INFOPLIST_KEY_UIApplicationSupportsIndirectInputEvents = YES;
				INFOPLIST_KEY_UILaunchStoryboardName = LaunchScreen;
				INFOPLIST_KEY_UISupportedInterfaceOrientations_iPad = "UIInterfaceOrientationPortrait UIInterfaceOrientationPortraitUpsideDown UIInterfaceOrientationLandscapeLeft UIInterfaceOrientationLandscapeRight";
				INFOPLIST_KEY_UISupportedInterfaceOrientations_iPhone = "UIInterfaceOrientationPortrait UIInterfaceOrientationLandscapeLeft UIInterfaceOrientationLandscapeRight";
				LD_RUNPATH_SEARCH_PATHS = (
					"$(inherited)",
					"@executable_path/Frameworks",
				);
				MARKETING_VERSION = 1.0;
				PRODUCT_BUNDLE_IDENTIFIER = "Kos.Swift-UI";
				PRODUCT_NAME = "$(TARGET_NAME)";
				SWIFT_EMIT_LOC_STRINGS = YES;
				SWIFT_VERSION = 5.0;
				TARGETED_DEVICE_FAMILY = "1,2";
			};
			name = Debug;
		};
		6E8B16E02A5BF10D0079A0DB /* Release */ = {
			isa = XCBuildConfiguration;
			buildSettings = {
				ASSETCATALOG_COMPILER_APPICON_NAME = AppIcon;
				ASSETCATALOG_COMPILER_GLOBAL_ACCENT_COLOR_NAME = AccentColor;
				CODE_SIGN_STYLE = Automatic;
				CURRENT_PROJECT_VERSION = 1;
				GENERATE_INFOPLIST_FILE = YES;
				INFOPLIST_FILE = "Swift-UI/Info.plist";
				INFOPLIST_KEY_UIApplicationSupportsIndirectInputEvents = YES;
				INFOPLIST_KEY_UILaunchStoryboardName = LaunchScreen;
				INFOPLIST_KEY_UISupportedInterfaceOrientations_iPad = "UIInterfaceOrientationPortrait UIInterfaceOrientationPortraitUpsideDown UIInterfaceOrientationLandscapeLeft UIInterfaceOrientationLandscapeRight";
				INFOPLIST_KEY_UISupportedInterfaceOrientations_iPhone = "UIInterfaceOrientationPortrait UIInterfaceOrientationLandscapeLeft UIInterfaceOrientationLandscapeRight";
				LD_RUNPATH_SEARCH_PATHS = (
					"$(inherited)",
					"@executable_path/Frameworks",
				);
				MARKETING_VERSION = 1.0;
				PRODUCT_BUNDLE_IDENTIFIER = "Kos.Swift-UI";
				PRODUCT_NAME = "$(TARGET_NAME)";
				SWIFT_EMIT_LOC_STRINGS = YES;
				SWIFT_VERSION = 5.0;
				TARGETED_DEVICE_FAMILY = "1,2";
			};
			name = Release;
		};
/* End XCBuildConfiguration section */

/* Begin XCConfigurationList section */
		6E8B16C52A5BF10C0079A0DB /* Build configuration list for PBXProject "Swift-UI" */ = {
			isa = XCConfigurationList;
			buildConfigurations = (
				6E8B16DC2A5BF10D0079A0DB /* Debug */,
				6E8B16DD2A5BF10D0079A0DB /* Release */,
			);
			defaultConfigurationIsVisible = 0;
			defaultConfigurationName = Release;
		};
		6E8B16DE2A5BF10D0079A0DB /* Build configuration list for PBXNativeTarget "Swift-UI" */ = {
			isa = XCConfigurationList;
			buildConfigurations = (
				6E8B16DF2A5BF10D0079A0DB /* Debug */,
				6E8B16E02A5BF10D0079A0DB /* Release */,
			);
			defaultConfigurationIsVisible = 0;
			defaultConfigurationName = Release;
		};
/* End XCConfigurationList section */
	};
	rootObject = 6E8B16C22A5BF10C0079A0DB /* Project object */;
}
